
Microsoft Visual Studio Solution File, Format Version 12.00
# Visual Studio 15
VisualStudioVersion = 15.0.27004.2005
MinimumVisualStudioVersion = 10.0.40219.1
Project("{9A19103F-16F7-4668-BE54-9A1E7A4F7556}") = "loopyloops2", "loopyloops2\loopyloops2.csproj", "{C59E6543-BB1E-4BD8-B4FE-D11A50BBC43D}"
EndProject
Project("{9A19103F-16F7-4668-BE54-9A1E7A4F7556}") = "loopyloops3", "loopyloops3\loopyloops3.csproj", "{B50022BC-A894-4634-AFD8-9157D59583A2}"
EndProject
Project("{FAE04EC0-301F-11D3-BF4B-00C04F79EFBC}") = "LOOPPYLOOPSIES", "ConsoleApp1\LOOPPYLOOPSIES.csproj", "{91A3958F-CFB2-43FD-A97F-C9AF4A9830B8}"
EndProject
Global
	GlobalSection(SolutionConfigurationPlatforms) = preSolution
		Debug|Any CPU = Debug|Any CPU
		Release|Any CPU = Release|Any CPU
	EndGlobalSection
	GlobalSection(ProjectConfigurationPlatforms) = postSolution
		{C59E6543-BB1E-4BD8-B4FE-D11A50BBC43D}.Debug|Any CPU.ActiveCfg = Debug|Any CPU
		{C59E6543-BB1E-4BD8-B4FE-D11A50BBC43D}.Debug|Any CPU.Build.0 = Debug|Any CPU
		{C59E6543-BB1E-4BD8-B4FE-D11A50BBC43D}.Release|Any CPU.ActiveCfg = Release|Any CPU
		{C59E6543-BB1E-4BD8-B4FE-D11A50BBC43D}.Release|Any CPU.Build.0 = Release|Any CPU
		{B50022BC-A894-4634-AFD8-9157D59583A2}.Debug|Any CPU.ActiveCfg = Debug|Any CPU
		{B50022BC-A894-4634-AFD8-9157D59583A2}.Debug|Any CPU.Build.0 = Debug|Any CPU
		{B50022BC-A894-4634-AFD8-9157D59583A2}.Release|Any CPU.ActiveCfg = Release|Any CPU
		{B50022BC-A894-4634-AFD8-9157D59583A2}.Release|Any CPU.Build.0 = Release|Any CPU
		{91A3958F-CFB2-43FD-A97F-C9AF4A9830B8}.Debug|Any CPU.ActiveCfg = Debug|Any CPU
		{91A3958F-CFB2-43FD-A97F-C9AF4A9830B8}.Debug|Any CPU.Build.0 = Debug|Any CPU
		{91A3958F-CFB2-43FD-A97F-C9AF4A9830B8}.Release|Any CPU.ActiveCfg = Release|Any CPU
		{91A3958F-CFB2-43FD-A97F-C9AF4A9830B8}.Release|Any CPU.Build.0 = Release|Any CPU
	EndGlobalSection
	GlobalSection(SolutionProperties) = preSolution
		HideSolutionNode = FALSE
	EndGlobalSection
	GlobalSection(ExtensibilityGlobals) = postSolution
		SolutionGuid = {D89A5CA4-EDDA-4FD6-B82F-0BEF480384DF}
	EndGlobalSection
EndGlobal
